Microsoft Visual Studio Solution File, Format Version 11.00
# Visual Studio 2008

Project("{EB5C0BC6-6BEB-F63C-872A-0F812C8FE8DF}") = "TimmyProj", "Assembly-CSharp-firstpass.csproj", "{276CE4EC-999B-25E7-63E8-EE3E8CD66DFB}"
EndProject
Project("{EB5C0BC6-6BEB-F63C-872A-0F812C8FE8DF}") = "TimmyProj", "Assembly-CSharp.csproj", "{66DACCEB-F863-3420-C088-EC03622F3E4F}"
EndProject
Project("{EB5C0BC6-6BEB-F63C-872A-0F812C8FE8DF}") = "TimmyProj", "Assembly-CSharp-Editor.csproj", "{9E6365CF-DE01-1C32-8196-A3A212E6EA0E}"
EndProject
Global
	GlobalSection(SolutionConfigurationPlatforms) = preSolution
		Debug|Any CPU = Debug|Any CPU
		Release|Any CPU = Release|Any CPU
	EndGlobalSection
	GlobalSection(ProjectConfigurationPlatforms) = postSolution
		{276CE4EC-999B-25E7-63E8-EE3E8CD66DFB}.Debug|Any CPU.ActiveCfg = Debug|Any CPU
		{276CE4EC-999B-25E7-63E8-EE3E8CD66DFB}.Debug|Any CPU.Build.0 = Debug|Any CPU
		{276CE4EC-999B-25E7-63E8-EE3E8CD66DFB}.Release|Any CPU.ActiveCfg = Release|Any CPU
		{276CE4EC-999B-25E7-63E8-EE3E8CD66DFB}.Release|Any CPU.Build.0 = Release|Any CPU
		{66DACCEB-F863-3420-C088-EC03622F3E4F}.Debug|Any CPU.ActiveCfg = Debug|Any CPU
		{66DACCEB-F863-3420-C088-EC03622F3E4F}.Debug|Any CPU.Build.0 = Debug|Any CPU
		{66DACCEB-F863-3420-C088-EC03622F3E4F}.Release|Any CPU.ActiveCfg = Release|Any CPU
		{66DACCEB-F863-3420-C088-EC03622F3E4F}.Release|Any CPU.Build.0 = Release|Any CPU
		{9E6365CF-DE01-1C32-8196-A3A212E6EA0E}.Debug|Any CPU.ActiveCfg = Debug|Any CPU
		{9E6365CF-DE01-1C32-8196-A3A212E6EA0E}.Debug|Any CPU.Build.0 = Debug|Any CPU
		{9E6365CF-DE01-1C32-8196-A3A212E6EA0E}.Release|Any CPU.ActiveCfg = Release|Any CPU
		{9E6365CF-DE01-1C32-8196-A3A212E6EA0E}.Release|Any CPU.Build.0 = Release|Any CPU
	EndGlobalSection
	GlobalSection(SolutionProperties) = preSolution
		HideSolutionNode = FALSE
	EndGlobalSection
																									GlobalSection(MonoDevelopProperties) = preSolution
		StartupItem = Assembly-CSharp.csproj
		Policies = $0
		$0.TextStylePolicy = $1
		$1.inheritsSet = null
		$1.scope = text/x-csharp
		$0.CSharpFormattingPolicy = $2
		$2.inheritsSet = Mono
		$2.inheritsScope = text/x-csharp
		$2.scope = text/x-csharp
		$0.TextStylePolicy = $3
		$3.FileWidth = 120
		$3.TabWidth = 4
		$3.IndentWidth = 4
		$3.EolMarker = Unix
		$3.inheritsSet = Mono
		$3.inheritsScope = text/plain
		$3.scope = text/plain
	EndGlobalSection

EndGlobal
